
Microsoft Visual Studio Solution File, Format Version 12.00
# Visual Studio Version 16
VisualStudioVersion = 16.0.31410.357
MinimumVisualStudioVersion = 10.0.40219.1
Project("{8BC9CEB8-8B4A-11D0-8D11-00A0C91BC942}") = "AbstractGeometry", "AbstractGeometry\AbstractGeometry.vcxproj", "{9D4A2155-D7DD-4D32-AFC6-DA9F837554CF}"
EndProject
Project("{8BC9CEB8-8B4A-11D0-8D11-00A0C91BC942}") = "AbstractGeometry_Lesson", "AbstractGeometry_Lesson\AbstractGeometry_Lesson.vcxproj", "{226B28C6-06C5-46AF-A0B5-68B1D2BC4C67}"
EndProject
Global
	GlobalSection(SolutionConfigurationPlatforms) = preSolution
		Debug|x64 = Debug|x64
		Debug|x86 = Debug|x86
		Release|x64 = Release|x64
		Release|x86 = Release|x86
	EndGlobalSection
	GlobalSection(ProjectConfigurationPlatforms) = postSolution
		{9D4A2155-D7DD-4D32-AFC6-DA9F837554CF}.Debug|x64.ActiveCfg = Debug|x64
		{9D4A2155-D7DD-4D32-AFC6-DA9F837554CF}.Debug|x64.Build.0 = Debug|x64
		{9D4A2155-D7DD-4D32-AFC6-DA9F837554CF}.Debug|x86.ActiveCfg = Debug|Win32
		{9D4A2155-D7DD-4D32-AFC6-DA9F837554CF}.Debug|x86.Build.0 = Debug|Win32
		{9D4A2155-D7DD-4D32-AFC6-DA9F837554CF}.Release|x64.ActiveCfg = Release|x64
		{9D4A2155-D7DD-4D32-AFC6-DA9F837554CF}.Release|x64.Build.0 = Release|x64
		{9D4A2155-D7DD-4D32-AFC6-DA9F837554CF}.Release|x86.ActiveCfg = Release|Win32
		{9D4A2155-D7DD-4D32-AFC6-DA9F837554CF}.Release|x86.Build.0 = Release|Win32
		{226B28C6-06C5-46AF-A0B5-68B1D2BC4C67}.Debug|x64.ActiveCfg = Debug|x64
		{226B28C6-06C5-46AF-A0B5-68B1D2BC4C67}.Debug|x64.Build.0 = Debug|x64
		{226B28C6-06C5-46AF-A0B5-68B1D2BC4C67}.Debug|x86.ActiveCfg = Debug|Win32
		{226B28C6-06C5-46AF-A0B5-68B1D2BC4C67}.Debug|x86.Build.0 = Debug|Win32
		{226B28C6-06C5-46AF-A0B5-68B1D2BC4C67}.Release|x64.ActiveCfg = Release|x64
		{226B28C6-06C5-46AF-A0B5-68B1D2BC4C67}.Release|x64.Build.0 = Release|x64
		{226B28C6-06C5-46AF-A0B5-68B1D2BC4C67}.Release|x86.ActiveCfg = Release|Win32
		{226B28C6-06C5-46AF-A0B5-68B1D2BC4C67}.Release|x86.Build.0 = Release|Win32
	EndGlobalSection
	GlobalSection(SolutionProperties) = preSolution
		HideSolutionNode = FALSE
	EndGlobalSection
	GlobalSection(ExtensibilityGlobals) = postSolution
		SolutionGuid = {E1606FA2-65F8-4FA5-8443-47F6D5F6B6A0}
	EndGlobalSection
EndGlobal
